
Microsoft Visual Studio Solution File, Format Version 12.00
# Visual Studio Version 16
VisualStudioVersion = 16.0.31729.503
MinimumVisualStudioVersion = 10.0.40219.1
Project("{FAE04EC0-301F-11D3-BF4B-00C04F79EFBC}") = "BMI Udregner", "BMI Udregner\BMI Udregner.csproj", "{404E0B20-D9EC-4DF7-A6BC-A2ECA86731CB}"
EndProject
Global
	GlobalSection(SolutionConfigurationPlatforms) = preSolution
		Debug|Any CPU = Debug|Any CPU
		Release|Any CPU = Release|Any CPU
	EndGlobalSection
	GlobalSection(ProjectConfigurationPlatforms) = postSolution
		{404E0B20-D9EC-4DF7-A6BC-A2ECA86731CB}.Debug|Any CPU.ActiveCfg = Debug|Any CPU
		{404E0B20-D9EC-4DF7-A6BC-A2ECA86731CB}.Debug|Any CPU.Build.0 = Debug|Any CPU
		{404E0B20-D9EC-4DF7-A6BC-A2ECA86731CB}.Release|Any CPU.ActiveCfg = Release|Any CPU
		{404E0B20-D9EC-4DF7-A6BC-A2ECA86731CB}.Release|Any CPU.Build.0 = Release|Any CPU
	EndGlobalSection
	GlobalSection(SolutionProperties) = preSolution
		HideSolutionNode = FALSE
	EndGlobalSection
	GlobalSection(ExtensibilityGlobals) = postSolution
		SolutionGuid = {24EC537D-81C2-4194-B1FF-8126C8CC2D23}
	EndGlobalSection
EndGlobal
